
Microsoft Visual Studio Solution File, Format Version 12.00
# Visual Studio Version 17
VisualStudioVersion = 17.0.31903.59
MinimumVisualStudioVersion = 10.0.40219.1
Project("{2150E333-8FDC-42A3-9474-1A3956D46DE8}") = "src", "src", "{0A0931BF-883A-4A3B-8C06-F4547A5C14A0}"
EndProject
Project("{2150E333-8FDC-42A3-9474-1A3956D46DE8}") = "Solution Items", "Solution Items", "{3AF739CD-81D8-428D-A08A-0A58372DEBF6}"
	ProjectSection(SolutionItems) = preProject
		.editorconfig = .editorconfig
		Directory.Build.props = Directory.Build.props
		Directory.Build.targets = Directory.Build.targets
		Directory.Packages.props = Directory.Packages.props
		docker-compose.yml = docker-compose.yml
		NuGet.config = NuGet.config
		README.md = README.md
	EndProjectSection
EndProject
Project("{FAE04EC0-301F-11D3-BF4B-00C04F79EFBC}") = "WebApp", "src\WebApp\WebApp.csproj", "{A1E29253-7896-4E3C-9FF3-F8B98BA1B403}"
EndProject
Project("{2150E333-8FDC-42A3-9474-1A3956D46DE8}") = "deploy", "deploy", "{04275AE5-66CF-4371-8EA4-C22F27E00FA2}"
	ProjectSection(SolutionItems) = preProject
		deploy\prometheus.yaml = deploy\prometheus.yaml
	EndProjectSection
EndProject
Project("{FAE04EC0-301F-11D3-BF4B-00C04F79EFBC}") = "WebAppComponents", "src\WebAppComponents\WebAppComponents.csproj", "{7D6BC1C7-1345-473D-93EC-2C965A7239E0}"
EndProject
Project("{FAE04EC0-301F-11D3-BF4B-00C04F79EFBC}") = "eShop.AppHost", "src\eShop.AppHost\eShop.AppHost.csproj", "{655AE69F-9C71-4231-8E5A-FB379AF05907}"
EndProject
Project("{FAE04EC0-301F-11D3-BF4B-00C04F79EFBC}") = "eShop.ServiceDefaults", "src\eShop.ServiceDefaults\eShop.ServiceDefaults.csproj", "{68C291D3-7D69-47EC-A2C9-6FBC374E2AE5}"
EndProject
Project("{FAE04EC0-301F-11D3-BF4B-00C04F79EFBC}") = "Catalog.API", "src\Catalog.API\Catalog.API.csproj", "{7B20A002-AD6D-4C0D-9F90-D5DE86986D2B}"
EndProject
Project("{FAE04EC0-301F-11D3-BF4B-00C04F79EFBC}") = "IntegrationEventLogEF", "src\IntegrationEventLogEF\IntegrationEventLogEF.csproj", "{8B2CC95E-AAB2-48C6-A110-A92D79CFD861}"
EndProject
Project("{FAE04EC0-301F-11D3-BF4B-00C04F79EFBC}") = "EventBus", "src\EventBus\EventBus.csproj", "{5310AC6B-E931-4C24-86FD-89F7F29C447F}"
EndProject
Project("{FAE04EC0-301F-11D3-BF4B-00C04F79EFBC}") = "Common", "src\Common\Common.csproj", "{4ECE3368-28FD-4A36-B7AF-A80839DF7E54}"
EndProject
Global
	GlobalSection(SolutionConfigurationPlatforms) = preSolution
		Debug|Any CPU = Debug|Any CPU
		Release|Any CPU = Release|Any CPU
	EndGlobalSection
	GlobalSection(ProjectConfigurationPlatforms) = postSolution
		{A1E29253-7896-4E3C-9FF3-F8B98BA1B403}.Debug|Any CPU.ActiveCfg = Debug|Any CPU
		{A1E29253-7896-4E3C-9FF3-F8B98BA1B403}.Debug|Any CPU.Build.0 = Debug|Any CPU
		{A1E29253-7896-4E3C-9FF3-F8B98BA1B403}.Release|Any CPU.ActiveCfg = Release|Any CPU
		{A1E29253-7896-4E3C-9FF3-F8B98BA1B403}.Release|Any CPU.Build.0 = Release|Any CPU
		{7D6BC1C7-1345-473D-93EC-2C965A7239E0}.Debug|Any CPU.ActiveCfg = Debug|Any CPU
		{7D6BC1C7-1345-473D-93EC-2C965A7239E0}.Debug|Any CPU.Build.0 = Debug|Any CPU
		{7D6BC1C7-1345-473D-93EC-2C965A7239E0}.Release|Any CPU.ActiveCfg = Release|Any CPU
		{7D6BC1C7-1345-473D-93EC-2C965A7239E0}.Release|Any CPU.Build.0 = Release|Any CPU
		{655AE69F-9C71-4231-8E5A-FB379AF05907}.Debug|Any CPU.ActiveCfg = Debug|Any CPU
		{655AE69F-9C71-4231-8E5A-FB379AF05907}.Debug|Any CPU.Build.0 = Debug|Any CPU
		{655AE69F-9C71-4231-8E5A-FB379AF05907}.Release|Any CPU.ActiveCfg = Release|Any CPU
		{655AE69F-9C71-4231-8E5A-FB379AF05907}.Release|Any CPU.Build.0 = Release|Any CPU
		{68C291D3-7D69-47EC-A2C9-6FBC374E2AE5}.Debug|Any CPU.ActiveCfg = Debug|Any CPU
		{68C291D3-7D69-47EC-A2C9-6FBC374E2AE5}.Debug|Any CPU.Build.0 = Debug|Any CPU
		{68C291D3-7D69-47EC-A2C9-6FBC374E2AE5}.Release|Any CPU.ActiveCfg = Release|Any CPU
		{68C291D3-7D69-47EC-A2C9-6FBC374E2AE5}.Release|Any CPU.Build.0 = Release|Any CPU
		{7B20A002-AD6D-4C0D-9F90-D5DE86986D2B}.Debug|Any CPU.ActiveCfg = Debug|Any CPU
		{7B20A002-AD6D-4C0D-9F90-D5DE86986D2B}.Debug|Any CPU.Build.0 = Debug|Any CPU
		{7B20A002-AD6D-4C0D-9F90-D5DE86986D2B}.Release|Any CPU.ActiveCfg = Release|Any CPU
		{7B20A002-AD6D-4C0D-9F90-D5DE86986D2B}.Release|Any CPU.Build.0 = Release|Any CPU
		{8B2CC95E-AAB2-48C6-A110-A92D79CFD861}.Debug|Any CPU.ActiveCfg = Debug|Any CPU
		{8B2CC95E-AAB2-48C6-A110-A92D79CFD861}.Debug|Any CPU.Build.0 = Debug|Any CPU
		{8B2CC95E-AAB2-48C6-A110-A92D79CFD861}.Release|Any CPU.ActiveCfg = Release|Any CPU
		{8B2CC95E-AAB2-48C6-A110-A92D79CFD861}.Release|Any CPU.Build.0 = Release|Any CPU
		{5310AC6B-E931-4C24-86FD-89F7F29C447F}.Debug|Any CPU.ActiveCfg = Debug|Any CPU
		{5310AC6B-E931-4C24-86FD-89F7F29C447F}.Debug|Any CPU.Build.0 = Debug|Any CPU
		{5310AC6B-E931-4C24-86FD-89F7F29C447F}.Release|Any CPU.ActiveCfg = Release|Any CPU
		{5310AC6B-E931-4C24-86FD-89F7F29C447F}.Release|Any CPU.Build.0 = Release|Any CPU
		{4ECE3368-28FD-4A36-B7AF-A80839DF7E54}.Debug|Any CPU.ActiveCfg = Debug|Any CPU
		{4ECE3368-28FD-4A36-B7AF-A80839DF7E54}.Debug|Any CPU.Build.0 = Debug|Any CPU
		{4ECE3368-28FD-4A36-B7AF-A80839DF7E54}.Release|Any CPU.ActiveCfg = Release|Any CPU
		{4ECE3368-28FD-4A36-B7AF-A80839DF7E54}.Release|Any CPU.Build.0 = Release|Any CPU
	EndGlobalSection
	GlobalSection(SolutionProperties) = preSolution
		HideSolutionNode = FALSE
	EndGlobalSection
	GlobalSection(NestedProjects) = preSolution
		{A1E29253-7896-4E3C-9FF3-F8B98BA1B403} = {0A0931BF-883A-4A3B-8C06-F4547A5C14A0}
		{7D6BC1C7-1345-473D-93EC-2C965A7239E0} = {0A0931BF-883A-4A3B-8C06-F4547A5C14A0}
		{655AE69F-9C71-4231-8E5A-FB379AF05907} = {0A0931BF-883A-4A3B-8C06-F4547A5C14A0}
		{68C291D3-7D69-47EC-A2C9-6FBC374E2AE5} = {0A0931BF-883A-4A3B-8C06-F4547A5C14A0}
		{7B20A002-AD6D-4C0D-9F90-D5DE86986D2B} = {0A0931BF-883A-4A3B-8C06-F4547A5C14A0}
		{8B2CC95E-AAB2-48C6-A110-A92D79CFD861} = {0A0931BF-883A-4A3B-8C06-F4547A5C14A0}
		{5310AC6B-E931-4C24-86FD-89F7F29C447F} = {0A0931BF-883A-4A3B-8C06-F4547A5C14A0}
		{4ECE3368-28FD-4A36-B7AF-A80839DF7E54} = {0A0931BF-883A-4A3B-8C06-F4547A5C14A0}
	EndGlobalSection
EndGlobal
